hash: a3242ac59ceb8809f77e90aba8c7270a9a8824fe46ffa257e8aa75bc8ac1e609
updated: 2017-07-19T21:45:54.330344511Z
imports:
- name: github.com/agl/ed25519
  version: 278e1ec8e8a6e017cd07577924d6766039146ced
  subpackages:
  - edwards25519
- name: github.com/btcsuite/btclog
  version: 84c8d2346e9fc8c7b947e243b9c24e6df9fd206a
- name: github.com/btcsuite/go-socks
  version: 4720035b7bfd2a9bb130b1c184f8bbe41b6f0d0f
  subpackages:
  - socks
- name: github.com/btcsuite/websocket
  version: 31079b6807923eb23992c421b114992b95131b55
- name: github.com/decred/blake256
  version: a840e32d7c31fe2e0218607334cb120a683951a4
- name: github.com/decred/dcrd
  version: d03f79985b3fb3239de2b2b76ff104133bd7d700
  repo: https://github.com/dnldd/dcrd.git
  subpackages:
  - blockchain/stake
  - blockchain/stake/internal/dbnamespace
  - blockchain/stake/internal/ticketdb
  - blockchain/stake/internal/tickettreap
  - chaincfg
  - chaincfg/chainec
  - chaincfg/chainhash
  - database
  - dcrec/edwards
  - dcrec/secp256k1
  - dcrec/secp256k1/schnorr
  - dcrjson
  - txscript
  - wire
- name: github.com/decred/dcrrpcclient
  version: 43c2ab1326d3081b8bcb8069e64fc5aaa35bf3dc
  repo: https://github.com/dnldd/dcrrpcclient.git
- name: github.com/decred/dcrutil
  version: 58e046aab848365647c44b295f4fab078fbc3392
  repo: https://github.com/dnldd/dcrutil.git
  subpackages:
  - base58
- name: golang.org/x/crypto
  version: 4bc1c249b153ce1da9f55437759cec51fe6acabb
  subpackages:
  - ripemd160
testImports: []
